
Microsoft Visual Studio Solution File, Format Version 12.00
# Visual Studio Version 16
VisualStudioVersion = 16.0.31624.102
MinimumVisualStudioVersion = 10.0.40219.1
Project("{FAE04EC0-301F-11D3-BF4B-00C04F79EFBC}") = "godmode2", "godmode2\godmode2.csproj", "{A38B0324-0BC8-4354-9191-E35EF57266CE}"
EndProject
Project("{2150E333-8FDC-42A3-9474-1A3956D46DE8}") = "Solution Items", "Solution Items", "{8A975074-85FB-4D69-AEE7-CD40CDC03307}"
	ProjectSection(SolutionItems) = preProject
		.editorconfig = .editorconfig
	EndProjectSection
EndProject
Global
	GlobalSection(SolutionConfigurationPlatforms) = preSolution
		Debug|Any CPU = Debug|Any CPU
		Release|Any CPU = Release|Any CPU
	EndGlobalSection
	GlobalSection(ProjectConfigurationPlatforms) = postSolution
		{A38B0324-0BC8-4354-9191-E35EF57266CE}.Debug|Any CPU.ActiveCfg = Debug|Any CPU
		{A38B0324-0BC8-4354-9191-E35EF57266CE}.Debug|Any CPU.Build.0 = Debug|Any CPU
		{A38B0324-0BC8-4354-9191-E35EF57266CE}.Release|Any CPU.ActiveCfg = Release|Any CPU
		{A38B0324-0BC8-4354-9191-E35EF57266CE}.Release|Any CPU.Build.0 = Release|Any CPU
	EndGlobalSection
	GlobalSection(SolutionProperties) = preSolution
		HideSolutionNode = FALSE
	EndGlobalSection
	GlobalSection(ExtensibilityGlobals) = postSolution
		SolutionGuid = {59D58E0C-2025-4F1D-8B23-AA2441D59F2E}
	EndGlobalSection
EndGlobal
